
Microsoft Visual Studio Solution File, Format Version 12.00
# Visual Studio 2012
Project("{2150E333-8FDC-42A3-9474-1A3956D46DE8}") = ".nuget", ".nuget", "{E11F034A-BD97-47A4-9D9E-39220F162BCA}"
	ProjectSection(SolutionItems) = preProject
		.nuget\NuGet.Config = .nuget\NuGet.Config
		.nuget\NuGet.exe = .nuget\NuGet.exe
		.nuget\NuGet.targets = .nuget\NuGet.targets
	EndProjectSection
EndProject
Project("{FAE04EC0-301F-11D3-BF4B-00C04F79EFBC}") = "Storage", "Storage\Storage.csproj", "{B449AC8E-8F2D-4936-A787-9F1811987F86}"
EndProject
Project("{2150E333-8FDC-42A3-9474-1A3956D46DE8}") = "0 Share", "0 Share", "{71446EA9-646A-4224-A6FE-DA0B347CF7E6}"
EndProject
Project("{2150E333-8FDC-42A3-9474-1A3956D46DE8}") = "1 Domain", "1 Domain", "{6AA15773-6202-4E06-A82D-645AA8922ABD}"
EndProject
Project("{2150E333-8FDC-42A3-9474-1A3956D46DE8}") = "3 Client", "3 Client", "{342C3690-C716-4853-B005-3C3CE848237F}"
EndProject
Project("{FAE04EC0-301F-11D3-BF4B-00C04F79EFBC}") = "DomainObject", "DomainObject\DomainObject.csproj", "{E42313D4-57C0-4780-B362-4D4F4FF844E0}"
EndProject
Project("{2150E333-8FDC-42A3-9474-1A3956D46DE8}") = "2 Data", "2 Data", "{78A42011-978D-470E-AB93-88CD9BAEE584}"
EndProject
Project("{FAE04EC0-301F-11D3-BF4B-00C04F79EFBC}") = "Repository", "Repository\Repository.csproj", "{7CE09EA6-D68C-444C-B487-02ABC58CA9D4}"
EndProject
Project("{FAE04EC0-301F-11D3-BF4B-00C04F79EFBC}") = "Helpers", "Helpers\Helpers.csproj", "{5CC56A7A-8A7B-4595-8B4C-718448EFF3B2}"
EndProject
Project("{2150E333-8FDC-42A3-9474-1A3956D46DE8}") = "Solution Items", "Solution Items", "{DB90E108-56AD-452D-BAC5-AA7B705235D7}"
	ProjectSection(SolutionItems) = preProject
		Немножко осталось.txt = Немножко осталось.txt
	EndProjectSection
EndProject
Project("{2150E333-8FDC-42A3-9474-1A3956D46DE8}") = "4 Deploy", "4 Deploy", "{EAAA5F7E-DF13-4F17-949A-9E1EAA2F30F8}"
EndProject
Project("{00D1A9C2-B5F0-4AF3-8072-F6C62B433612}") = "SqlDataBase", "SqlDataBase\SqlDataBase.sqlproj", "{01915DDB-B1F3-449F-8CCF-3FD3A53D9EB0}"
EndProject
Project("{FAE04EC0-301F-11D3-BF4B-00C04F79EFBC}") = "Shared", "Shared\Shared.csproj", "{43A61562-BA91-4772-B802-E1307E15C029}"
EndProject
Global
	GlobalSection(TeamFoundationVersionControl) = preSolution
		SccNumberOfProjects = 7
		SccEnterpriseProvider = {4CA58AB2-18FA-4F8D-95D4-32DDF27D184C}
		SccTeamFoundationServer = https://sukhanov.visualstudio.com/defaultcollection
		SccLocalPath0 = .
		SccProjectUniqueName1 = Storage\\Storage.csproj
		SccProjectTopLevelParentUniqueName1 = Storage.sln
		SccProjectName1 = Storage
		SccLocalPath1 = Storage
		SccProjectUniqueName2 = DomainObject\\DomainObject.csproj
		SccProjectTopLevelParentUniqueName2 = Storage.sln
		SccProjectName2 = DomainObject
		SccLocalPath2 = DomainObject
		SccProjectUniqueName3 = Repository\\Repository.csproj
		SccProjectTopLevelParentUniqueName3 = Storage.sln
		SccProjectName3 = Repository
		SccLocalPath3 = Repository
		SccProjectUniqueName4 = Helpers\\Helpers.csproj
		SccProjectTopLevelParentUniqueName4 = Storage.sln
		SccProjectName4 = Helpers
		SccLocalPath4 = Helpers
		SccProjectUniqueName5 = SqlDataBase\\SqlDataBase.sqlproj
		SccProjectTopLevelParentUniqueName5 = Storage.sln
		SccProjectName5 = SqlDataBase
		SccLocalPath5 = SqlDataBase
		SccProjectUniqueName6 = Shared\\Shared.csproj
		SccProjectTopLevelParentUniqueName6 = Storage.sln
		SccProjectName6 = Shared
		SccLocalPath6 = Shared
	EndGlobalSection
	GlobalSection(SolutionConfigurationPlatforms) = preSolution
		Debug|Any CPU = Debug|Any CPU
		Release|Any CPU = Release|Any CPU
	EndGlobalSection
	GlobalSection(ProjectConfigurationPlatforms) = postSolution
		{B449AC8E-8F2D-4936-A787-9F1811987F86}.Debug|Any CPU.ActiveCfg = Debug|Any CPU
		{B449AC8E-8F2D-4936-A787-9F1811987F86}.Debug|Any CPU.Build.0 = Debug|Any CPU
		{B449AC8E-8F2D-4936-A787-9F1811987F86}.Release|Any CPU.ActiveCfg = Release|Any CPU
		{B449AC8E-8F2D-4936-A787-9F1811987F86}.Release|Any CPU.Build.0 = Release|Any CPU
		{E42313D4-57C0-4780-B362-4D4F4FF844E0}.Debug|Any CPU.ActiveCfg = Debug|Any CPU
		{E42313D4-57C0-4780-B362-4D4F4FF844E0}.Debug|Any CPU.Build.0 = Debug|Any CPU
		{E42313D4-57C0-4780-B362-4D4F4FF844E0}.Release|Any CPU.ActiveCfg = Release|Any CPU
		{E42313D4-57C0-4780-B362-4D4F4FF844E0}.Release|Any CPU.Build.0 = Release|Any CPU
		{7CE09EA6-D68C-444C-B487-02ABC58CA9D4}.Debug|Any CPU.ActiveCfg = Debug|Any CPU
		{7CE09EA6-D68C-444C-B487-02ABC58CA9D4}.Debug|Any CPU.Build.0 = Debug|Any CPU
		{7CE09EA6-D68C-444C-B487-02ABC58CA9D4}.Release|Any CPU.ActiveCfg = Release|Any CPU
		{7CE09EA6-D68C-444C-B487-02ABC58CA9D4}.Release|Any CPU.Build.0 = Release|Any CPU
		{5CC56A7A-8A7B-4595-8B4C-718448EFF3B2}.Debug|Any CPU.ActiveCfg = Debug|Any CPU
		{5CC56A7A-8A7B-4595-8B4C-718448EFF3B2}.Debug|Any CPU.Build.0 = Debug|Any CPU
		{5CC56A7A-8A7B-4595-8B4C-718448EFF3B2}.Release|Any CPU.ActiveCfg = Release|Any CPU
		{5CC56A7A-8A7B-4595-8B4C-718448EFF3B2}.Release|Any CPU.Build.0 = Release|Any CPU
		{01915DDB-B1F3-449F-8CCF-3FD3A53D9EB0}.Debug|Any CPU.ActiveCfg = Debug|Any CPU
		{01915DDB-B1F3-449F-8CCF-3FD3A53D9EB0}.Debug|Any CPU.Build.0 = Debug|Any CPU
		{01915DDB-B1F3-449F-8CCF-3FD3A53D9EB0}.Debug|Any CPU.Deploy.0 = Debug|Any CPU
		{01915DDB-B1F3-449F-8CCF-3FD3A53D9EB0}.Release|Any CPU.ActiveCfg = Release|Any CPU
		{01915DDB-B1F3-449F-8CCF-3FD3A53D9EB0}.Release|Any CPU.Build.0 = Release|Any CPU
		{01915DDB-B1F3-449F-8CCF-3FD3A53D9EB0}.Release|Any CPU.Deploy.0 = Release|Any CPU
		{43A61562-BA91-4772-B802-E1307E15C029}.Debug|Any CPU.ActiveCfg = Debug|Any CPU
		{43A61562-BA91-4772-B802-E1307E15C029}.Debug|Any CPU.Build.0 = Debug|Any CPU
		{43A61562-BA91-4772-B802-E1307E15C029}.Release|Any CPU.ActiveCfg = Release|Any CPU
		{43A61562-BA91-4772-B802-E1307E15C029}.Release|Any CPU.Build.0 = Release|Any CPU
	EndGlobalSection
	GlobalSection(SolutionProperties) = preSolution
		HideSolutionNode = FALSE
	EndGlobalSection
	GlobalSection(NestedProjects) = preSolution
		{B449AC8E-8F2D-4936-A787-9F1811987F86} = {342C3690-C716-4853-B005-3C3CE848237F}
		{5CC56A7A-8A7B-4595-8B4C-718448EFF3B2} = {71446EA9-646A-4224-A6FE-DA0B347CF7E6}
		{43A61562-BA91-4772-B802-E1307E15C029} = {71446EA9-646A-4224-A6FE-DA0B347CF7E6}
		{E42313D4-57C0-4780-B362-4D4F4FF844E0} = {6AA15773-6202-4E06-A82D-645AA8922ABD}
		{7CE09EA6-D68C-444C-B487-02ABC58CA9D4} = {78A42011-978D-470E-AB93-88CD9BAEE584}
		{01915DDB-B1F3-449F-8CCF-3FD3A53D9EB0} = {EAAA5F7E-DF13-4F17-949A-9E1EAA2F30F8}
	EndGlobalSection
	GlobalSection(ExtensibilityGlobals) = postSolution
		EnterpriseLibraryConfigurationToolBinariesPathV6 = packages\EnterpriseLibrary.Common.6.0.1304.0\lib\NET45;packages\EnterpriseLibrary.Logging.6.0.1304.0\lib\NET45;packages\EnterpriseLibrary.ExceptionHandling.6.0.1304.0\lib\NET45;packages\EnterpriseLibrary.Validation.6.0.1304.0\lib\NET45
	EndGlobalSection
EndGlobal
